
Microsoft Visual Studio Solution File, Format Version 12.00
# Visual Studio Version 17
VisualStudioVersion = 17.5.33516.290
MinimumVisualStudioVersion = 10.0.40219.1
Project("{8BC9CEB8-8B4A-11D0-8D11-00A0C91BC942}") = "1", "1\1.vcxproj", "{DA777E24-EE1C-4490-AFC0-5F68EE474233}"
EndProject
Project("{8BC9CEB8-8B4A-11D0-8D11-00A0C91BC942}") = "2", "2\2.vcxproj", "{F20380CE-5AE4-4531-9960-F925B17AEE0D}"
EndProject
Project("{8BC9CEB8-8B4A-11D0-8D11-00A0C91BC942}") = "3", "3\3.vcxproj", "{754AABDA-DC42-4B47-B521-45571D56C3FB}"
EndProject
Project("{8BC9CEB8-8B4A-11D0-8D11-00A0C91BC942}") = "4", "4\4.vcxproj", "{4E6B895B-B384-4C7C-9293-476654BDD91E}"
EndProject
Project("{8BC9CEB8-8B4A-11D0-8D11-00A0C91BC942}") = "8", "8\8.vcxproj", "{B64AB24B-0B41-48F2-ABDF-8035D3F8A6AE}"
EndProject
Project("{8BC9CEB8-8B4A-11D0-8D11-00A0C91BC942}") = "13", "13\13.vcxproj", "{86113BD9-68F9-44B1-ACB5-55BE18D1B965}"
EndProject
Project("{8BC9CEB8-8B4A-11D0-8D11-00A0C91BC942}") = "14", "14\14.vcxproj", "{EE5ACAC3-6F33-438C-9A32-CF8C2A5FCEF0}"
EndProject
Project("{8BC9CEB8-8B4A-11D0-8D11-00A0C91BC942}") = "15", "15\15.vcxproj", "{7AE09A5D-D5D4-4A32-BC82-3FFA727E2E69}"
EndProject
Project("{8BC9CEB8-8B4A-11D0-8D11-00A0C91BC942}") = "20", "20\20.vcxproj", "{F59FBB23-5306-4D5A-88C3-4E0C2D578AA6}"
EndProject
Project("{8BC9CEB8-8B4A-11D0-8D11-00A0C91BC942}") = "24", "24\24.vcxproj", "{ADAE9279-5571-4107-A26B-6F716AD1CB3F}"
EndProject
Project("{8BC9CEB8-8B4A-11D0-8D11-00A0C91BC942}") = "27", "27\27.vcxproj", "{2160DB51-8957-418B-9457-ABF5F886F48B}"
EndProject
Project("{8BC9CEB8-8B4A-11D0-8D11-00A0C91BC942}") = "28", "28\28.vcxproj", "{B365A12E-334E-4098-BF4C-1C2FD0AE08FE}"
EndProject
Project("{8BC9CEB8-8B4A-11D0-8D11-00A0C91BC942}") = "35", "35\35.vcxproj", "{1E66DCB5-4E73-4610-B484-B2A6462E21CF}"
EndProject
Project("{8BC9CEB8-8B4A-11D0-8D11-00A0C91BC942}") = "36", "36\36.vcxproj", "{26126481-0AAA-4E27-8B5F-A7989F5B3D7C}"
EndProject
Project("{8BC9CEB8-8B4A-11D0-8D11-00A0C91BC942}") = "66", "66\66.vcxproj", "{0BFF5EFA-6EF1-44BE-8E7C-EA0CEE73F56B}"
EndProject
Project("{8BC9CEB8-8B4A-11D0-8D11-00A0C91BC942}") = "125", "125\125.vcxproj", "{2E60F085-9A71-4A37-A217-E64CD00936DE}"
EndProject
Project("{8BC9CEB8-8B4A-11D0-8D11-00A0C91BC942}") = "126", "126\126.vcxproj", "{D9DD1EFA-A815-4746-8AE9-3C1D48D58E73}"
EndProject
Project("{8BC9CEB8-8B4A-11D0-8D11-00A0C91BC942}") = "234", "234\234.vcxproj", "{E66E6802-6960-42CF-AEE5-FB7722E803D2}"
EndProject
Project("{8BC9CEB8-8B4A-11D0-8D11-00A0C91BC942}") = "278", "278\278.vcxproj", "{AD64F545-A2D3-4027-9705-6720564E86C1}"
EndProject
Project("{8BC9CEB8-8B4A-11D0-8D11-00A0C91BC942}") = "347", "347\347.vcxproj", "{9E5CF862-D2CA-404C-A437-1BD39057289E}"
EndProject
Project("{8BC9CEB8-8B4A-11D0-8D11-00A0C91BC942}") = "399", "399\399.vcxproj", "{0C4BBCFE-4EFE-46EA-8E57-AEF1906817CB}"
EndProject
Project("{8BC9CEB8-8B4A-11D0-8D11-00A0C91BC942}") = "785", "785\785.vcxproj", "{5CF7EBF8-D4D2-4609-B417-16F8FD5A9AE8}"
EndProject
Project("{8BC9CEB8-8B4A-11D0-8D11-00A0C91BC942}") = "2542", "2542\2542.vcxproj", "{497BB915-6DC6-4D17-B156-F21D6BB3B920}"
EndProject
Project("{8BC9CEB8-8B4A-11D0-8D11-00A0C91BC942}") = "38", "38\38.vcxproj", "{76DAEC44-DF7A-4D73-BAE6-9ABAF04DB644}"
EndProject
Project("{8BC9CEB8-8B4A-11D0-8D11-00A0C91BC942}") = "5", "5\5.vcxproj", "{98C711A1-6899-4B1B-ACF4-E69B85A18669}"
EndProject
Project("{8BC9CEB8-8B4A-11D0-8D11-00A0C91BC942}") = "6", "6\6.vcxproj", "{E45D677D-16EB-4EBC-8C8B-B4AF2F9CC493}"
EndProject
Project("{8BC9CEB8-8B4A-11D0-8D11-00A0C91BC942}") = "7", "7\7.vcxproj", "{9FE78241-306E-44E7-85F6-1E55E443569F}"
EndProject
Project("{8BC9CEB8-8B4A-11D0-8D11-00A0C91BC942}") = "217", "217\217.vcxproj", "{64D4EF00-E207-4AB5-8A1A-279530C37A21}"
EndProject
Global
	GlobalSection(SolutionConfigurationPlatforms) = preSolution
		Debug|x64 = Debug|x64
		Debug|x86 = Debug|x86
		Release|x64 = Release|x64
		Release|x86 = Release|x86
	EndGlobalSection
	GlobalSection(ProjectConfigurationPlatforms) = postSolution
		{DA777E24-EE1C-4490-AFC0-5F68EE474233}.Debug|x64.ActiveCfg = Debug|x64
		{DA777E24-EE1C-4490-AFC0-5F68EE474233}.Debug|x64.Build.0 = Debug|x64
		{DA777E24-EE1C-4490-AFC0-5F68EE474233}.Debug|x86.ActiveCfg = Debug|Win32
		{DA777E24-EE1C-4490-AFC0-5F68EE474233}.Debug|x86.Build.0 = Debug|Win32
		{DA777E24-EE1C-4490-AFC0-5F68EE474233}.Release|x64.ActiveCfg = Release|x64
		{DA777E24-EE1C-4490-AFC0-5F68EE474233}.Release|x64.Build.0 = Release|x64
		{DA777E24-EE1C-4490-AFC0-5F68EE474233}.Release|x86.ActiveCfg = Release|Win32
		{DA777E24-EE1C-4490-AFC0-5F68EE474233}.Release|x86.Build.0 = Release|Win32
		{F20380CE-5AE4-4531-9960-F925B17AEE0D}.Debug|x64.ActiveCfg = Debug|x64
		{F20380CE-5AE4-4531-9960-F925B17AEE0D}.Debug|x64.Build.0 = Debug|x64
		{F20380CE-5AE4-4531-9960-F925B17AEE0D}.Debug|x86.ActiveCfg = Debug|Win32
		{F20380CE-5AE4-4531-9960-F925B17AEE0D}.Debug|x86.Build.0 = Debug|Win32
		{F20380CE-5AE4-4531-9960-F925B17AEE0D}.Release|x64.ActiveCfg = Release|x64
		{F20380CE-5AE4-4531-9960-F925B17AEE0D}.Release|x64.Build.0 = Release|x64
		{F20380CE-5AE4-4531-9960-F925B17AEE0D}.Release|x86.ActiveCfg = Release|Win32
		{F20380CE-5AE4-4531-9960-F925B17AEE0D}.Release|x86.Build.0 = Release|Win32
		{754AABDA-DC42-4B47-B521-45571D56C3FB}.Debug|x64.ActiveCfg = Debug|x64
		{754AABDA-DC42-4B47-B521-45571D56C3FB}.Debug|x64.Build.0 = Debug|x64
		{754AABDA-DC42-4B47-B521-45571D56C3FB}.Debug|x86.ActiveCfg = Debug|Win32
		{754AABDA-DC42-4B47-B521-45571D56C3FB}.Debug|x86.Build.0 = Debug|Win32
		{754AABDA-DC42-4B47-B521-45571D56C3FB}.Release|x64.ActiveCfg = Release|x64
		{754AABDA-DC42-4B47-B521-45571D56C3FB}.Release|x64.Build.0 = Release|x64
		{754AABDA-DC42-4B47-B521-45571D56C3FB}.Release|x86.ActiveCfg = Release|Win32
		{754AABDA-DC42-4B47-B521-45571D56C3FB}.Release|x86.Build.0 = Release|Win32
		{4E6B895B-B384-4C7C-9293-476654BDD91E}.Debug|x64.ActiveCfg = Debug|x64
		{4E6B895B-B384-4C7C-9293-476654BDD91E}.Debug|x64.Build.0 = Debug|x64
		{4E6B895B-B384-4C7C-9293-476654BDD91E}.Debug|x86.ActiveCfg = Debug|Win32
		{4E6B895B-B384-4C7C-9293-476654BDD91E}.Debug|x86.Build.0 = Debug|Win32
		{4E6B895B-B384-4C7C-9293-476654BDD91E}.Release|x64.ActiveCfg = Release|x64
		{4E6B895B-B384-4C7C-9293-476654BDD91E}.Release|x64.Build.0 = Release|x64
		{4E6B895B-B384-4C7C-9293-476654BDD91E}.Release|x86.ActiveCfg = Release|Win32
		{4E6B895B-B384-4C7C-9293-476654BDD91E}.Release|x86.Build.0 = Release|Win32
		{B64AB24B-0B41-48F2-ABDF-8035D3F8A6AE}.Debug|x64.ActiveCfg = Debug|x64
		{B64AB24B-0B41-48F2-ABDF-8035D3F8A6AE}.Debug|x64.Build.0 = Debug|x64
		{B64AB24B-0B41-48F2-ABDF-8035D3F8A6AE}.Debug|x86.ActiveCfg = Debug|Win32
		{B64AB24B-0B41-48F2-ABDF-8035D3F8A6AE}.Debug|x86.Build.0 = Debug|Win32
		{B64AB24B-0B41-48F2-ABDF-8035D3F8A6AE}.Release|x64.ActiveCfg = Release|x64
		{B64AB24B-0B41-48F2-ABDF-8035D3F8A6AE}.Release|x64.Build.0 = Release|x64
		{B64AB24B-0B41-48F2-ABDF-8035D3F8A6AE}.Release|x86.ActiveCfg = Release|Win32
		{B64AB24B-0B41-48F2-ABDF-8035D3F8A6AE}.Release|x86.Build.0 = Release|Win32
		{86113BD9-68F9-44B1-ACB5-55BE18D1B965}.Debug|x64.ActiveCfg = Debug|x64
		{86113BD9-68F9-44B1-ACB5-55BE18D1B965}.Debug|x64.Build.0 = Debug|x64
		{86113BD9-68F9-44B1-ACB5-55BE18D1B965}.Debug|x86.ActiveCfg = Debug|Win32
		{86113BD9-68F9-44B1-ACB5-55BE18D1B965}.Debug|x86.Build.0 = Debug|Win32
		{86113BD9-68F9-44B1-ACB5-55BE18D1B965}.Release|x64.ActiveCfg = Release|x64
		{86113BD9-68F9-44B1-ACB5-55BE18D1B965}.Release|x64.Build.0 = Release|x64
		{86113BD9-68F9-44B1-ACB5-55BE18D1B965}.Release|x86.ActiveCfg = Release|Win32
		{86113BD9-68F9-44B1-ACB5-55BE18D1B965}.Release|x86.Build.0 = Release|Win32
		{EE5ACAC3-6F33-438C-9A32-CF8C2A5FCEF0}.Debug|x64.ActiveCfg = Debug|x64
		{EE5ACAC3-6F33-438C-9A32-CF8C2A5FCEF0}.Debug|x64.Build.0 = Debug|x64
		{EE5ACAC3-6F33-438C-9A32-CF8C2A5FCEF0}.Debug|x86.ActiveCfg = Debug|Win32
		{EE5ACAC3-6F33-438C-9A32-CF8C2A5FCEF0}.Debug|x86.Build.0 = Debug|Win32
		{EE5ACAC3-6F33-438C-9A32-CF8C2A5FCEF0}.Release|x64.ActiveCfg = Release|x64
		{EE5ACAC3-6F33-438C-9A32-CF8C2A5FCEF0}.Release|x64.Build.0 = Release|x64
		{EE5ACAC3-6F33-438C-9A32-CF8C2A5FCEF0}.Release|x86.ActiveCfg = Release|Win32
		{EE5ACAC3-6F33-438C-9A32-CF8C2A5FCEF0}.Release|x86.Build.0 = Release|Win32
		{7AE09A5D-D5D4-4A32-BC82-3FFA727E2E69}.Debug|x64.ActiveCfg = Debug|x64
		{7AE09A5D-D5D4-4A32-BC82-3FFA727E2E69}.Debug|x64.Build.0 = Debug|x64
		{7AE09A5D-D5D4-4A32-BC82-3FFA727E2E69}.Debug|x86.ActiveCfg = Debug|Win32
		{7AE09A5D-D5D4-4A32-BC82-3FFA727E2E69}.Debug|x86.Build.0 = Debug|Win32
		{7AE09A5D-D5D4-4A32-BC82-3FFA727E2E69}.Release|x64.ActiveCfg = Release|x64
		{7AE09A5D-D5D4-4A32-BC82-3FFA727E2E69}.Release|x64.Build.0 = Release|x64
		{7AE09A5D-D5D4-4A32-BC82-3FFA727E2E69}.Release|x86.ActiveCfg = Release|Win32
		{7AE09A5D-D5D4-4A32-BC82-3FFA727E2E69}.Release|x86.Build.0 = Release|Win32
		{F59FBB23-5306-4D5A-88C3-4E0C2D578AA6}.Debug|x64.ActiveCfg = Debug|x64
		{F59FBB23-5306-4D5A-88C3-4E0C2D578AA6}.Debug|x64.Build.0 = Debug|x64
		{F59FBB23-5306-4D5A-88C3-4E0C2D578AA6}.Debug|x86.ActiveCfg = Debug|Win32
		{F59FBB23-5306-4D5A-88C3-4E0C2D578AA6}.Debug|x86.Build.0 = Debug|Win32
		{F59FBB23-5306-4D5A-88C3-4E0C2D578AA6}.Release|x64.ActiveCfg = Release|x64
		{F59FBB23-5306-4D5A-88C3-4E0C2D578AA6}.Release|x64.Build.0 = Release|x64
		{F59FBB23-5306-4D5A-88C3-4E0C2D578AA6}.Release|x86.ActiveCfg = Release|Win32
		{F59FBB23-5306-4D5A-88C3-4E0C2D578AA6}.Release|x86.Build.0 = Release|Win32
		{ADAE9279-5571-4107-A26B-6F716AD1CB3F}.Debug|x64.ActiveCfg = Debug|x64
		{ADAE9279-5571-4107-A26B-6F716AD1CB3F}.Debug|x64.Build.0 = Debug|x64
		{ADAE9279-5571-4107-A26B-6F716AD1CB3F}.Debug|x86.ActiveCfg = Debug|Win32
		{ADAE9279-5571-4107-A26B-6F716AD1CB3F}.Debug|x86.Build.0 = Debug|Win32
		{ADAE9279-5571-4107-A26B-6F716AD1CB3F}.Release|x64.ActiveCfg = Release|x64
		{ADAE9279-5571-4107-A26B-6F716AD1CB3F}.Release|x64.Build.0 = Release|x64
		{ADAE9279-5571-4107-A26B-6F716AD1CB3F}.Release|x86.ActiveCfg = Release|Win32
		{ADAE9279-5571-4107-A26B-6F716AD1CB3F}.Release|x86.Build.0 = Release|Win32
		{2160DB51-8957-418B-9457-ABF5F886F48B}.Debug|x64.ActiveCfg = Debug|x64
		{2160DB51-8957-418B-9457-ABF5F886F48B}.Debug|x64.Build.0 = Debug|x64
		{2160DB51-8957-418B-9457-ABF5F886F48B}.Debug|x86.ActiveCfg = Debug|Win32
		{2160DB51-8957-418B-9457-ABF5F886F48B}.Debug|x86.Build.0 = Debug|Win32
		{2160DB51-8957-418B-9457-ABF5F886F48B}.Release|x64.ActiveCfg = Release|x64
		{2160DB51-8957-418B-9457-ABF5F886F48B}.Release|x64.Build.0 = Release|x64
		{2160DB51-8957-418B-9457-ABF5F886F48B}.Release|x86.ActiveCfg = Release|Win32
		{2160DB51-8957-418B-9457-ABF5F886F48B}.Release|x86.Build.0 = Release|Win32
		{B365A12E-334E-4098-BF4C-1C2FD0AE08FE}.Debug|x64.ActiveCfg = Debug|x64
		{B365A12E-334E-4098-BF4C-1C2FD0AE08FE}.Debug|x64.Build.0 = Debug|x64
		{B365A12E-334E-4098-BF4C-1C2FD0AE08FE}.Debug|x86.ActiveCfg = Debug|Win32
		{B365A12E-334E-4098-BF4C-1C2FD0AE08FE}.Debug|x86.Build.0 = Debug|Win32
		{B365A12E-334E-4098-BF4C-1C2FD0AE08FE}.Release|x64.ActiveCfg = Release|x64
		{B365A12E-334E-4098-BF4C-1C2FD0AE08FE}.Release|x64.Build.0 = Release|x64
		{B365A12E-334E-4098-BF4C-1C2FD0AE08FE}.Release|x86.ActiveCfg = Release|Win32
		{B365A12E-334E-4098-BF4C-1C2FD0AE08FE}.Release|x86.Build.0 = Release|Win32
		{1E66DCB5-4E73-4610-B484-B2A6462E21CF}.Debug|x64.ActiveCfg = Debug|x64
		{1E66DCB5-4E73-4610-B484-B2A6462E21CF}.Debug|x64.Build.0 = Debug|x64
		{1E66DCB5-4E73-4610-B484-B2A6462E21CF}.Debug|x86.ActiveCfg = Debug|Win32
		{1E66DCB5-4E73-4610-B484-B2A6462E21CF}.Debug|x86.Build.0 = Debug|Win32
		{1E66DCB5-4E73-4610-B484-B2A6462E21CF}.Release|x64.ActiveCfg = Release|x64
		{1E66DCB5-4E73-4610-B484-B2A6462E21CF}.Release|x64.Build.0 = Release|x64
		{1E66DCB5-4E73-4610-B484-B2A6462E21CF}.Release|x86.ActiveCfg = Release|Win32
		{1E66DCB5-4E73-4610-B484-B2A6462E21CF}.Release|x86.Build.0 = Release|Win32
		{26126481-0AAA-4E27-8B5F-A7989F5B3D7C}.Debug|x64.ActiveCfg = Debug|x64
		{26126481-0AAA-4E27-8B5F-A7989F5B3D7C}.Debug|x64.Build.0 = Debug|x64
		{26126481-0AAA-4E27-8B5F-A7989F5B3D7C}.Debug|x86.ActiveCfg = Debug|Win32
		{26126481-0AAA-4E27-8B5F-A7989F5B3D7C}.Debug|x86.Build.0 = Debug|Win32
		{26126481-0AAA-4E27-8B5F-A7989F5B3D7C}.Release|x64.ActiveCfg = Release|x64
		{26126481-0AAA-4E27-8B5F-A7989F5B3D7C}.Release|x64.Build.0 = Release|x64
		{26126481-0AAA-4E27-8B5F-A7989F5B3D7C}.Release|x86.ActiveCfg = Release|Win32
		{26126481-0AAA-4E27-8B5F-A7989F5B3D7C}.Release|x86.Build.0 = Release|Win32
		{0BFF5EFA-6EF1-44BE-8E7C-EA0CEE73F56B}.Debug|x64.ActiveCfg = Debug|x64
		{0BFF5EFA-6EF1-44BE-8E7C-EA0CEE73F56B}.Debug|x64.Build.0 = Debug|x64
		{0BFF5EFA-6EF1-44BE-8E7C-EA0CEE73F56B}.Debug|x86.ActiveCfg = Debug|Win32
		{0BFF5EFA-6EF1-44BE-8E7C-EA0CEE73F56B}.Debug|x86.Build.0 = Debug|Win32
		{0BFF5EFA-6EF1-44BE-8E7C-EA0CEE73F56B}.Release|x64.ActiveCfg = Release|x64
		{0BFF5EFA-6EF1-44BE-8E7C-EA0CEE73F56B}.Release|x64.Build.0 = Release|x64
		{0BFF5EFA-6EF1-44BE-8E7C-EA0CEE73F56B}.Release|x86.ActiveCfg = Release|Win32
		{0BFF5EFA-6EF1-44BE-8E7C-EA0CEE73F56B}.Release|x86.Build.0 = Release|Win32
		{2E60F085-9A71-4A37-A217-E64CD00936DE}.Debug|x64.ActiveCfg = Debug|x64
		{2E60F085-9A71-4A37-A217-E64CD00936DE}.Debug|x64.Build.0 = Debug|x64
		{2E60F085-9A71-4A37-A217-E64CD00936DE}.Debug|x86.ActiveCfg = Debug|Win32
		{2E60F085-9A71-4A37-A217-E64CD00936DE}.Debug|x86.Build.0 = Debug|Win32
		{2E60F085-9A71-4A37-A217-E64CD00936DE}.Release|x64.ActiveCfg = Release|x64
		{2E60F085-9A71-4A37-A217-E64CD00936DE}.Release|x64.Build.0 = Release|x64
		{2E60F085-9A71-4A37-A217-E64CD00936DE}.Release|x86.ActiveCfg = Release|Win32
		{2E60F085-9A71-4A37-A217-E64CD00936DE}.Release|x86.Build.0 = Release|Win32
		{D9DD1EFA-A815-4746-8AE9-3C1D48D58E73}.Debug|x64.ActiveCfg = Debug|x64
		{D9DD1EFA-A815-4746-8AE9-3C1D48D58E73}.Debug|x64.Build.0 = Debug|x64
		{D9DD1EFA-A815-4746-8AE9-3C1D48D58E73}.Debug|x86.ActiveCfg = Debug|Win32
		{D9DD1EFA-A815-4746-8AE9-3C1D48D58E73}.Debug|x86.Build.0 = Debug|Win32
		{D9DD1EFA-A815-4746-8AE9-3C1D48D58E73}.Release|x64.ActiveCfg = Release|x64
		{D9DD1EFA-A815-4746-8AE9-3C1D48D58E73}.Release|x64.Build.0 = Release|x64
		{D9DD1EFA-A815-4746-8AE9-3C1D48D58E73}.Release|x86.ActiveCfg = Release|Win32
		{D9DD1EFA-A815-4746-8AE9-3C1D48D58E73}.Release|x86.Build.0 = Release|Win32
		{E66E6802-6960-42CF-AEE5-FB7722E803D2}.Debug|x64.ActiveCfg = Debug|x64
		{E66E6802-6960-42CF-AEE5-FB7722E803D2}.Debug|x64.Build.0 = Debug|x64
		{E66E6802-6960-42CF-AEE5-FB7722E803D2}.Debug|x86.ActiveCfg = Debug|Win32
		{E66E6802-6960-42CF-AEE5-FB7722E803D2}.Debug|x86.Build.0 = Debug|Win32
		{E66E6802-6960-42CF-AEE5-FB7722E803D2}.Release|x64.ActiveCfg = Release|x64
		{E66E6802-6960-42CF-AEE5-FB7722E803D2}.Release|x64.Build.0 = Release|x64
		{E66E6802-6960-42CF-AEE5-FB7722E803D2}.Release|x86.ActiveCfg = Release|Win32
		{E66E6802-6960-42CF-AEE5-FB7722E803D2}.Release|x86.Build.0 = Release|Win32
		{AD64F545-A2D3-4027-9705-6720564E86C1}.Debug|x64.ActiveCfg = Debug|x64
		{AD64F545-A2D3-4027-9705-6720564E86C1}.Debug|x64.Build.0 = Debug|x64
		{AD64F545-A2D3-4027-9705-6720564E86C1}.Debug|x86.ActiveCfg = Debug|Win32
		{AD64F545-A2D3-4027-9705-6720564E86C1}.Debug|x86.Build.0 = Debug|Win32
		{AD64F545-A2D3-4027-9705-6720564E86C1}.Release|x64.ActiveCfg = Release|x64
		{AD64F545-A2D3-4027-9705-6720564E86C1}.Release|x64.Build.0 = Release|x64
		{AD64F545-A2D3-4027-9705-6720564E86C1}.Release|x86.ActiveCfg = Release|Win32
		{AD64F545-A2D3-4027-9705-6720564E86C1}.Release|x86.Build.0 = Release|Win32
		{9E5CF862-D2CA-404C-A437-1BD39057289E}.Debug|x64.ActiveCfg = Debug|x64
		{9E5CF862-D2CA-404C-A437-1BD39057289E}.Debug|x64.Build.0 = Debug|x64
		{9E5CF862-D2CA-404C-A437-1BD39057289E}.Debug|x86.ActiveCfg = Debug|Win32
		{9E5CF862-D2CA-404C-A437-1BD39057289E}.Debug|x86.Build.0 = Debug|Win32
		{9E5CF862-D2CA-404C-A437-1BD39057289E}.Release|x64.ActiveCfg = Release|x64
		{9E5CF862-D2CA-404C-A437-1BD39057289E}.Release|x64.Build.0 = Release|x64
		{9E5CF862-D2CA-404C-A437-1BD39057289E}.Release|x86.ActiveCfg = Release|Win32
		{9E5CF862-D2CA-404C-A437-1BD39057289E}.Release|x86.Build.0 = Release|Win32
		{0C4BBCFE-4EFE-46EA-8E57-AEF1906817CB}.Debug|x64.ActiveCfg = Debug|x64
		{0C4BBCFE-4EFE-46EA-8E57-AEF1906817CB}.Debug|x64.Build.0 = Debug|x64
		{0C4BBCFE-4EFE-46EA-8E57-AEF1906817CB}.Debug|x86.ActiveCfg = Debug|Win32
		{0C4BBCFE-4EFE-46EA-8E57-AEF1906817CB}.Debug|x86.Build.0 = Debug|Win32
		{0C4BBCFE-4EFE-46EA-8E57-AEF1906817CB}.Release|x64.ActiveCfg = Release|x64
		{0C4BBCFE-4EFE-46EA-8E57-AEF1906817CB}.Release|x64.Build.0 = Release|x64
		{0C4BBCFE-4EFE-46EA-8E57-AEF1906817CB}.Release|x86.ActiveCfg = Release|Win32
		{0C4BBCFE-4EFE-46EA-8E57-AEF1906817CB}.Release|x86.Build.0 = Release|Win32
		{5CF7EBF8-D4D2-4609-B417-16F8FD5A9AE8}.Debug|x64.ActiveCfg = Debug|x64
		{5CF7EBF8-D4D2-4609-B417-16F8FD5A9AE8}.Debug|x64.Build.0 = Debug|x64
		{5CF7EBF8-D4D2-4609-B417-16F8FD5A9AE8}.Debug|x86.ActiveCfg = Debug|Win32
		{5CF7EBF8-D4D2-4609-B417-16F8FD5A9AE8}.Debug|x86.Build.0 = Debug|Win32
		{5CF7EBF8-D4D2-4609-B417-16F8FD5A9AE8}.Release|x64.ActiveCfg = Release|x64
		{5CF7EBF8-D4D2-4609-B417-16F8FD5A9AE8}.Release|x64.Build.0 = Release|x64
		{5CF7EBF8-D4D2-4609-B417-16F8FD5A9AE8}.Release|x86.ActiveCfg = Release|Win32
		{5CF7EBF8-D4D2-4609-B417-16F8FD5A9AE8}.Release|x86.Build.0 = Release|Win32
		{497BB915-6DC6-4D17-B156-F21D6BB3B920}.Debug|x64.ActiveCfg = Debug|x64
		{497BB915-6DC6-4D17-B156-F21D6BB3B920}.Debug|x64.Build.0 = Debug|x64
		{497BB915-6DC6-4D17-B156-F21D6BB3B920}.Debug|x86.ActiveCfg = Debug|Win32
		{497BB915-6DC6-4D17-B156-F21D6BB3B920}.Debug|x86.Build.0 = Debug|Win32
		{497BB915-6DC6-4D17-B156-F21D6BB3B920}.Release|x64.ActiveCfg = Release|x64
		{497BB915-6DC6-4D17-B156-F21D6BB3B920}.Release|x64.Build.0 = Release|x64
		{497BB915-6DC6-4D17-B156-F21D6BB3B920}.Release|x86.ActiveCfg = Release|Win32
		{497BB915-6DC6-4D17-B156-F21D6BB3B920}.Release|x86.Build.0 = Release|Win32
		{76DAEC44-DF7A-4D73-BAE6-9ABAF04DB644}.Debug|x64.ActiveCfg = Debug|x64
		{76DAEC44-DF7A-4D73-BAE6-9ABAF04DB644}.Debug|x64.Build.0 = Debug|x64
		{76DAEC44-DF7A-4D73-BAE6-9ABAF04DB644}.Debug|x86.ActiveCfg = Debug|Win32
		{76DAEC44-DF7A-4D73-BAE6-9ABAF04DB644}.Debug|x86.Build.0 = Debug|Win32
		{76DAEC44-DF7A-4D73-BAE6-9ABAF04DB644}.Release|x64.ActiveCfg = Release|x64
		{76DAEC44-DF7A-4D73-BAE6-9ABAF04DB644}.Release|x64.Build.0 = Release|x64
		{76DAEC44-DF7A-4D73-BAE6-9ABAF04DB644}.Release|x86.ActiveCfg = Release|Win32
		{76DAEC44-DF7A-4D73-BAE6-9ABAF04DB644}.Release|x86.Build.0 = Release|Win32
		{98C711A1-6899-4B1B-ACF4-E69B85A18669}.Debug|x64.ActiveCfg = Debug|x64
		{98C711A1-6899-4B1B-ACF4-E69B85A18669}.Debug|x64.Build.0 = Debug|x64
		{98C711A1-6899-4B1B-ACF4-E69B85A18669}.Debug|x86.ActiveCfg = Debug|Win32
		{98C711A1-6899-4B1B-ACF4-E69B85A18669}.Debug|x86.Build.0 = Debug|Win32
		{98C711A1-6899-4B1B-ACF4-E69B85A18669}.Release|x64.ActiveCfg = Release|x64
		{98C711A1-6899-4B1B-ACF4-E69B85A18669}.Release|x64.Build.0 = Release|x64
		{98C711A1-6899-4B1B-ACF4-E69B85A18669}.Release|x86.ActiveCfg = Release|Win32
		{98C711A1-6899-4B1B-ACF4-E69B85A18669}.Release|x86.Build.0 = Release|Win32
		{E45D677D-16EB-4EBC-8C8B-B4AF2F9CC493}.Debug|x64.ActiveCfg = Debug|x64
		{E45D677D-16EB-4EBC-8C8B-B4AF2F9CC493}.Debug|x64.Build.0 = Debug|x64
		{E45D677D-16EB-4EBC-8C8B-B4AF2F9CC493}.Debug|x86.ActiveCfg = Debug|Win32
		{E45D677D-16EB-4EBC-8C8B-B4AF2F9CC493}.Debug|x86.Build.0 = Debug|Win32
		{E45D677D-16EB-4EBC-8C8B-B4AF2F9CC493}.Release|x64.ActiveCfg = Release|x64
		{E45D677D-16EB-4EBC-8C8B-B4AF2F9CC493}.Release|x64.Build.0 = Release|x64
		{E45D677D-16EB-4EBC-8C8B-B4AF2F9CC493}.Release|x86.ActiveCfg = Release|Win32
		{E45D677D-16EB-4EBC-8C8B-B4AF2F9CC493}.Release|x86.Build.0 = Release|Win32
		{9FE78241-306E-44E7-85F6-1E55E443569F}.Debug|x64.ActiveCfg = Debug|x64
		{9FE78241-306E-44E7-85F6-1E55E443569F}.Debug|x64.Build.0 = Debug|x64
		{9FE78241-306E-44E7-85F6-1E55E443569F}.Debug|x86.ActiveCfg = Debug|Win32
		{9FE78241-306E-44E7-85F6-1E55E443569F}.Debug|x86.Build.0 = Debug|Win32
		{9FE78241-306E-44E7-85F6-1E55E443569F}.Release|x64.ActiveCfg = Release|x64
		{9FE78241-306E-44E7-85F6-1E55E443569F}.Release|x64.Build.0 = Release|x64
		{9FE78241-306E-44E7-85F6-1E55E443569F}.Release|x86.ActiveCfg = Release|Win32
		{9FE78241-306E-44E7-85F6-1E55E443569F}.Release|x86.Build.0 = Release|Win32
		{64D4EF00-E207-4AB5-8A1A-279530C37A21}.Debug|x64.ActiveCfg = Debug|x64
		{64D4EF00-E207-4AB5-8A1A-279530C37A21}.Debug|x64.Build.0 = Debug|x64
		{64D4EF00-E207-4AB5-8A1A-279530C37A21}.Debug|x86.ActiveCfg = Debug|Win32
		{64D4EF00-E207-4AB5-8A1A-279530C37A21}.Debug|x86.Build.0 = Debug|Win32
		{64D4EF00-E207-4AB5-8A1A-279530C37A21}.Release|x64.ActiveCfg = Release|x64
		{64D4EF00-E207-4AB5-8A1A-279530C37A21}.Release|x64.Build.0 = Release|x64
		{64D4EF00-E207-4AB5-8A1A-279530C37A21}.Release|x86.ActiveCfg = Release|Win32
		{64D4EF00-E207-4AB5-8A1A-279530C37A21}.Release|x86.Build.0 = Release|Win32
	EndGlobalSection
	GlobalSection(SolutionProperties) = preSolution
		HideSolutionNode = FALSE
	EndGlobalSection
	GlobalSection(ExtensibilityGlobals) = postSolution
		SolutionGuid = {B50F09F9-4655-45EB-B27D-75B67F9AF434}
	EndGlobalSection
EndGlobal
